// !$*UTF8*$!
{
	archiveVersion = 1;
	classes = {
	};
	objectVersion = 55;
	objects = {

/* Begin PBXBuildFile section */
		0C50301C27DF9A2400AD0811 /* UserDefaults.swift in Sources */ = {isa = PBXBuildFile; fileRef = 0C50301B27DF9A2400AD0811 /* UserDefaults.swift */; };
		0C50301D27DF9A2600AD0811 /* UserDefaults.swift in Sources */ = {isa = PBXBuildFile; fileRef = 0C50301B27DF9A2400AD0811 /* UserDefaults.swift */; };
		0C6DC85C27DDAB2B00850C13 /* SearchPlusApp.swift in Sources */ = {isa = PBXBuildFile; fileRef = 0C6DC85B27DDAB2B00850C13 /* SearchPlusApp.swift */; };
		0C6DC85E27DDAB2B00850C13 /* ContentView.swift in Sources */ = {isa = PBXBuildFile; fileRef = 0C6DC85D27DDAB2B00850C13 /* ContentView.swift */; };
		0C6DC86027DDAB2B00850C13 /* Assets.xcassets in Resources */ = {isa = PBXBuildFile; fileRef = 0C6DC85F27DDAB2B00850C13 /* Assets.xcassets */; };
		0C6DC86327DDAB2B00850C13 /* Preview Assets.xcassets in Resources */ = {isa = PBXBuildFile; fileRef = 0C6DC86227DDAB2B00850C13 /* Preview Assets.xcassets */; };
		0C6DC87027DDAB5300850C13 /* SafariWebExtensionHandler.swift in Sources */ = {isa = PBXBuildFile; fileRef = 0C6DC86F27DDAB5300850C13 /* SafariWebExtensionHandler.swift */; };
		0C6DC87327DDAB5300850C13 /* _locales in Resources */ = {isa = PBXBuildFile; fileRef = 0C6DC87227DDAB5300850C13 /* _locales */; };
		0C6DC87527DDAB5300850C13 /* images in Resources */ = {isa = PBXBuildFile; fileRef = 0C6DC87427DDAB5300850C13 /* images */; };
		0C6DC87727DDAB5300850C13 /* manifest.json in Resources */ = {isa = PBXBuildFile; fileRef = 0C6DC87627DDAB5300850C13 /* manifest.json */; };
		0C6DC87927DDAB5300850C13 /* background.js in Resources */ = {isa = PBXBuildFile; fileRef = 0C6DC87827DDAB5300850C13 /* background.js */; };
		0C6DC87B27DDAB5300850C13 /* content.js in Resources */ = {isa = PBXBuildFile; fileRef = 0C6DC87A27DDAB5300850C13 /* content.js */; };
		0C6DC87D27DDAB5300850C13 /* popup.html in Resources */ = {isa = PBXBuildFile; fileRef = 0C6DC87C27DDAB5300850C13 /* popup.html */; };
		0C6DC87F27DDAB5300850C13 /* popup.css in Resources */ = {isa = PBXBuildFile; fileRef = 0C6DC87E27DDAB5300850C13 /* popup.css */; };
		0C6DC88127DDAB5300850C13 /* popup.js in Resources */ = {isa = PBXBuildFile; fileRef = 0C6DC88027DDAB5300850C13 /* popup.js */; };
		0C6DC88527DDAB5300850C13 /* WebExtension.appex in Embed App Extensions */ = {isa = PBXBuildFile; fileRef = 0C6DC86D27DDAB5300850C13 /* WebExtension.appex */; settings = {ATTRIBUTES = (RemoveHeadersOnCopy, ); }; };
		0CD2448027E01E5900FD9515 /* SearchEngines.swift in Sources */ = {isa = PBXBuildFile; fileRef = 0CD2447F27E01E5900FD9515 /* SearchEngines.swift */; };
		0CDB216727E0D10B003EF122 /* PickerView.swift in Sources */ = {isa = PBXBuildFile; fileRef = 0CDB216627E0D10B003EF122 /* PickerView.swift */; };
		0CDB216827E0E9CC003EF122 /* SearchEngines.swift in Sources */ = {isa = PBXBuildFile; fileRef = 0CD2447F27E01E5900FD9515 /* SearchEngines.swift */; };
		0CF792D627E37D6600D8D6F3 /* AboutView.swift in Sources */ = {isa = PBXBuildFile; fileRef = 0CF792D527E37D6600D8D6F3 /* AboutView.swift */; };
		0CF792D827E37D7600D8D6F3 /* UIApplication.swift in Sources */ = {isa = PBXBuildFile; fileRef = 0CF792D727E37D7600D8D6F3 /* UIApplication.swift */; };
		0CF792DA27E37DFB00D8D6F3 /* ListRowViews.swift in Sources */ = {isa = PBXBuildFile; fileRef = 0CF792D927E37DFB00D8D6F3 /* ListRowViews.swift */; };
		0CF792DC27E3805700D8D6F3 /* MainView.swift in Sources */ = {isa = PBXBuildFile; fileRef = 0CF792DB27E3805700D8D6F3 /* MainView.swift */; };
/* End PBXBuildFile section */

/* Begin PBXContainerItemProxy section */
		0C6DC88327DDAB5300850C13 /* PBXContainerItemProxy */ = {
			isa = PBXContainerItemProxy;
			containerPortal = 0C6DC85027DDAB2B00850C13 /* Project object */;
			proxyType = 1;
			remoteGlobalIDString = 0C6DC86C27DDAB5300850C13;
			remoteInfo = WebExtension;
		};
/* End PBXContainerItemProxy section */

/* Begin PBXCopyFilesBuildPhase section */
		0C6DC88927DDAB5300850C13 /* Embed App Extensions */ = {
			isa = PBXCopyFilesBuildPhase;
			buildActionMask = 2147483647;
			dstPath = "";
			dstSubfolderSpec = 13;
			files = (
				0C6DC88527DDAB5300850C13 /* WebExtension.appex in Embed App Extensions */,
			);
			name = "Embed App Extensions";
			runOnlyForDeploymentPostprocessing = 0;
		};
/* End PBXCopyFilesBuildPhase section */

/* Begin PBXFileReference section */
		0C50301B27DF9A2400AD0811 /* UserDefaults.swift */ = {isa = PBXFileReference; lastKnownFileType = sourcecode.swift; path = UserDefaults.swift; sourceTree = "<group>"; };
		0C50301E27DF9AED00AD0811 /* WebExtension.entitlements */ = {isa = PBXFileReference; lastKnownFileType = text.plist.entitlements; path = WebExtension.entitlements; sourceTree = "<group>"; };
		0C6CF01B27DEE74900E10C03 /* SearchPlus.entitlements */ = {isa = PBXFileReference; lastKnownFileType = text.plist.entitlements; path = SearchPlus.entitlements; sourceTree = "<group>"; };
		0C6DC85827DDAB2B00850C13 /* SearchPlus.app */ = {isa = PBXFileReference; explicitFileType = wrapper.application; includeInIndex = 0; path = SearchPlus.app; sourceTree = BUILT_PRODUCTS_DIR; };
		0C6DC85B27DDAB2B00850C13 /* SearchPlusApp.swift */ = {isa = PBXFileReference; lastKnownFileType = sourcecode.swift; path = SearchPlusApp.swift; sourceTree = "<group>"; };
		0C6DC85D27DDAB2B00850C13 /* ContentView.swift */ = {isa = PBXFileReference; lastKnownFileType = sourcecode.swift; path = ContentView.swift; sourceTree = "<group>"; };
		0C6DC85F27DDAB2B00850C13 /* Assets.xcassets */ = {isa = PBXFileReference; lastKnownFileType = folder.assetcatalog; path = Assets.xcassets; sourceTree = "<group>"; };
		0C6DC86227DDAB2B00850C13 /* Preview Assets.xcassets */ = {isa = PBXFileReference; lastKnownFileType = folder.assetcatalog; path = "Preview Assets.xcassets"; sourceTree = "<group>"; };
		0C6DC86D27DDAB5300850C13 /* WebExtension.appex */ = {isa = PBXFileReference; explicitFileType = "wrapper.app-extension"; includeInIndex = 0; path = WebExtension.appex; sourceTree = BUILT_PRODUCTS_DIR; };
		0C6DC86F27DDAB5300850C13 /* SafariWebExtensionHandler.swift */ = {isa = PBXFileReference; lastKnownFileType = sourcecode.swift; path = SafariWebExtensionHandler.swift; sourceTree = "<group>"; };
		0C6DC87227DDAB5300850C13 /* _locales */ = {isa = PBXFileReference; lastKnownFileType = folder; path = _locales; sourceTree = "<group>"; };
		0C6DC87427DDAB5300850C13 /* images */ = {isa = PBXFileReference; lastKnownFileType = folder; path = images; sourceTree = "<group>"; };
		0C6DC87627DDAB5300850C13 /* manifest.json */ = {isa = PBXFileReference; lastKnownFileType = text.json; path = manifest.json; sourceTree = "<group>"; };
		0C6DC87827DDAB5300850C13 /* background.js */ = {isa = PBXFileReference; lastKnownFileType = sourcecode.javascript; path = background.js; sourceTree = "<group>"; };
		0C6DC87A27DDAB5300850C13 /* content.js */ = {isa = PBXFileReference; lastKnownFileType = sourcecode.javascript; path = content.js; sourceTree = "<group>"; };
		0C6DC87C27DDAB5300850C13 /* popup.html */ = {isa = PBXFileReference; lastKnownFileType = text.html; path = popup.html; sourceTree = "<group>"; };
		0C6DC87E27DDAB5300850C13 /* popup.css */ = {isa = PBXFileReference; lastKnownFileType = text.css; path = popup.css; sourceTree = "<group>"; };
		0C6DC88027DDAB5300850C13 /* popup.js */ = {isa = PBXFileReference; lastKnownFileType = sourcecode.javascript; path = popup.js; sourceTree = "<group>"; };
		0C6DC88227DDAB5300850C13 /* Info.plist */ = {isa = PBXFileReference; lastKnownFileType = text.plist.xml; path = Info.plist; sourceTree = "<group>"; };
		0CD2447F27E01E5900FD9515 /* SearchEngines.swift */ = {isa = PBXFileReference; lastKnownFileType = sourcecode.swift; path = SearchEngines.swift; sourceTree = "<group>"; };
		0CDB216627E0D10B003EF122 /* PickerView.swift */ = {isa = PBXFileReference; lastKnownFileType = sourcecode.swift; path = PickerView.swift; sourceTree = "<group>"; };
		0CF792D527E37D6600D8D6F3 /* AboutView.swift */ = {isa = PBXFileReference; lastKnownFileType = sourcecode.swift; path = AboutView.swift; sourceTree = "<group>"; };
		0CF792D727E37D7600D8D6F3 /* UIApplication.swift */ = {isa = PBXFileReference; lastKnownFileType = sourcecode.swift; path = UIApplication.swift; sourceTree = "<group>"; };
		0CF792D927E37DFB00D8D6F3 /* ListRowViews.swift */ = {isa = PBXFileReference; lastKnownFileType = sourcecode.swift; path = ListRowViews.swift; sourceTree = "<group>"; };
		0CF792DB27E3805700D8D6F3 /* MainView.swift */ = {isa = PBXFileReference; lastKnownFileType = sourcecode.swift; path = MainView.swift; sourceTree = "<group>"; };
/* End PBXFileReference section */

/* Begin PBXFrameworksBuildPhase section */
		0C6DC85527DDAB2B00850C13 /* Frameworks */ = {
			isa = PBXFrameworksBuildPhase;
			buildActionMask = 2147483647;
			files = (
			);
			runOnlyForDeploymentPostprocessing = 0;
		};
		0C6DC86A27DDAB5300850C13 /* Frameworks */ = {
			isa = PBXFrameworksBuildPhase;
			buildActionMask = 2147483647;
			files = (
			);
			runOnlyForDeploymentPostprocessing = 0;
		};
/* End PBXFrameworksBuildPhase section */

/* Begin PBXGroup section */
		0C50301927DF9A0F00AD0811 /* Shared */ = {
			isa = PBXGroup;
			children = (
				0CD2447F27E01E5900FD9515 /* SearchEngines.swift */,
				0C50301A27DF9A1B00AD0811 /* Extensions */,
			);
			path = Shared;
			sourceTree = "<group>";
		};
		0C50301A27DF9A1B00AD0811 /* Extensions */ = {
			isa = PBXGroup;
			children = (
				0C50301B27DF9A2400AD0811 /* UserDefaults.swift */,
				0CF792D727E37D7600D8D6F3 /* UIApplication.swift */,
			);
			path = Extensions;
			sourceTree = "<group>";
		};
		0C6DC84F27DDAB2B00850C13 = {
			isa = PBXGroup;
			children = (
				0C50301927DF9A0F00AD0811 /* Shared */,
				0C6DC85A27DDAB2B00850C13 /* SearchPlus */,
				0C6DC86E27DDAB5300850C13 /* WebExtension */,
				0C6DC85927DDAB2B00850C13 /* Products */,
			);
			sourceTree = "<group>";
		};
		0C6DC85927DDAB2B00850C13 /* Products */ = {
			isa = PBXGroup;
			children = (
				0C6DC85827DDAB2B00850C13 /* SearchPlus.app */,
				0C6DC86D27DDAB5300850C13 /* WebExtension.appex */,
			);
			name = Products;
			sourceTree = "<group>";
		};
		0C6DC85A27DDAB2B00850C13 /* SearchPlus */ = {
			isa = PBXGroup;
			children = (
				0C6CF01B27DEE74900E10C03 /* SearchPlus.entitlements */,
				0C6DC85B27DDAB2B00850C13 /* SearchPlusApp.swift */,
				0C6DC85D27DDAB2B00850C13 /* ContentView.swift */,
				0C6DC85F27DDAB2B00850C13 /* Assets.xcassets */,
				0C6DC86127DDAB2B00850C13 /* Preview Content */,
				0CDB216627E0D10B003EF122 /* PickerView.swift */,
				0CF792D527E37D6600D8D6F3 /* AboutView.swift */,
				0CF792D927E37DFB00D8D6F3 /* ListRowViews.swift */,
				0CF792DB27E3805700D8D6F3 /* MainView.swift */,
			);
			path = SearchPlus;
			sourceTree = "<group>";
		};
		0C6DC86127DDAB2B00850C13 /* Preview Content */ = {
			isa = PBXGroup;
			children = (
				0C6DC86227DDAB2B00850C13 /* Preview Assets.xcassets */,
			);
			path = "Preview Content";
			sourceTree = "<group>";
		};
		0C6DC86E27DDAB5300850C13 /* WebExtension */ = {
			isa = PBXGroup;
			children = (
				0C50301E27DF9AED00AD0811 /* WebExtension.entitlements */,
				0C6DC86F27DDAB5300850C13 /* SafariWebExtensionHandler.swift */,
				0C6DC88227DDAB5300850C13 /* Info.plist */,
				0C6DC87127DDAB5300850C13 /* Resources */,
			);
			path = WebExtension;
			sourceTree = "<group>";
		};
		0C6DC87127DDAB5300850C13 /* Resources */ = {
			isa = PBXGroup;
			children = (
				0C6DC87227DDAB5300850C13 /* _locales */,
				0C6DC87427DDAB5300850C13 /* images */,
				0C6DC87627DDAB5300850C13 /* manifest.json */,
				0C6DC87827DDAB5300850C13 /* background.js */,
				0C6DC87A27DDAB5300850C13 /* content.js */,
				0C6DC87C27DDAB5300850C13 /* popup.html */,
				0C6DC87E27DDAB5300850C13 /* popup.css */,
				0C6DC88027DDAB5300850C13 /* popup.js */,
			);
			path = Resources;
			sourceTree = "<group>";
		};
/* End PBXGroup section */

/* Begin PBXNativeTarget section */
		0C6DC85727DDAB2B00850C13 /* SearchPlus */ = {
			isa = PBXNativeTarget;
			buildConfigurationList = 0C6DC86627DDAB2B00850C13 /* Build configuration list for PBXNativeTarget "SearchPlus" */;
			buildPhases = (
				0C6DC85427DDAB2B00850C13 /* Sources */,
				0C6DC85527DDAB2B00850C13 /* Frameworks */,
				0C6DC85627DDAB2B00850C13 /* Resources */,
				0C6DC88927DDAB5300850C13 /* Embed App Extensions */,
			);
			buildRules = (
			);
			dependencies = (
				0C6DC88427DDAB5300850C13 /* PBXTargetDependency */,
			);
			name = SearchPlus;
			packageProductDependencies = (
			);
			productName = SearchPlus;
			productReference = 0C6DC85827DDAB2B00850C13 /* SearchPlus.app */;
			productType = "com.apple.product-type.application";
		};
		0C6DC86C27DDAB5300850C13 /* WebExtension */ = {
			isa = PBXNativeTarget;
			buildConfigurationList = 0C6DC88627DDAB5300850C13 /* Build configuration list for PBXNativeTarget "WebExtension" */;
			buildPhases = (
				0C6DC86927DDAB5300850C13 /* Sources */,
				0C6DC86A27DDAB5300850C13 /* Frameworks */,
				0C6DC86B27DDAB5300850C13 /* Resources */,
			);
			buildRules = (
			);
			dependencies = (
			);
			name = WebExtension;
			productName = WebExtension;
			productReference = 0C6DC86D27DDAB5300850C13 /* WebExtension.appex */;
			productType = "com.apple.product-type.app-extension";
		};
/* End PBXNativeTarget section */

/* Begin PBXProject section */
		0C6DC85027DDAB2B00850C13 /* Project object */ = {
			isa = PBXProject;
			attributes = {
				BuildIndependentTargetsInParallel = 1;
				LastSwiftUpdateCheck = 1320;
				LastUpgradeCheck = 1320;
				TargetAttributes = {
					0C6DC85727DDAB2B00850C13 = {
						CreatedOnToolsVersion = 13.2.1;
					};
					0C6DC86C27DDAB5300850C13 = {
						CreatedOnToolsVersion = 13.2.1;
					};
				};
			};
			buildConfigurationList = 0C6DC85327DDAB2B00850C13 /* Build configuration list for PBXProject "SearchPlus" */;
			compatibilityVersion = "Xcode 13.0";
			developmentRegion = en;
			hasScannedForEncodings = 0;
			knownRegions = (
				en,
				Base,
			);
			mainGroup = 0C6DC84F27DDAB2B00850C13;
			packageReferences = (
			);
			productRefGroup = 0C6DC85927DDAB2B00850C13 /* Products */;
			projectDirPath = "";
			projectRoot = "";
			targets = (
				0C6DC85727DDAB2B00850C13 /* SearchPlus */,
				0C6DC86C27DDAB5300850C13 /* WebExtension */,
			);
		};
/* End PBXProject section */

/* Begin PBXResourcesBuildPhase section */
		0C6DC85627DDAB2B00850C13 /* Resources */ = {
			isa = PBXResourcesBuildPhase;
			buildActionMask = 2147483647;
			files = (
				0C6DC86327DDAB2B00850C13 /* Preview Assets.xcassets in Resources */,
				0C6DC86027DDAB2B00850C13 /* Assets.xcassets in Resources */,
			);
			runOnlyForDeploymentPostprocessing = 0;
		};
		0C6DC86B27DDAB5300850C13 /* Resources */ = {
			isa = PBXResourcesBuildPhase;
			buildActionMask = 2147483647;
			files = (
				0C6DC87927DDAB5300850C13 /* background.js in Resources */,
				0C6DC87F27DDAB5300850C13 /* popup.css in Resources */,
				0C6DC87D27DDAB5300850C13 /* popup.html in Resources */,
				0C6DC87527DDAB5300850C13 /* images in Resources */,
				0C6DC87727DDAB5300850C13 /* manifest.json in Resources */,
				0C6DC87327DDAB5300850C13 /* _locales in Resources */,
				0C6DC87B27DDAB5300850C13 /* content.js in Resources */,
				0C6DC88127DDAB5300850C13 /* popup.js in Resources */,
			);
			runOnlyForDeploymentPostprocessing = 0;
		};
/* End PBXResourcesBuildPhase section */

/* Begin PBXSourcesBuildPhase section */
		0C6DC85427DDAB2B00850C13 /* Sources */ = {
			isa = PBXSourcesBuildPhase;
			buildActionMask = 2147483647;
			files = (
				0C6DC85E27DDAB2B00850C13 /* ContentView.swift in Sources */,
				0CF792DC27E3805700D8D6F3 /* MainView.swift in Sources */,
				0CF792D827E37D7600D8D6F3 /* UIApplication.swift in Sources */,
				0CD2448027E01E5900FD9515 /* SearchEngines.swift in Sources */,
				0C6DC85C27DDAB2B00850C13 /* SearchPlusApp.swift in Sources */,
				0CDB216727E0D10B003EF122 /* PickerView.swift in Sources */,
				0CF792D627E37D6600D8D6F3 /* AboutView.swift in Sources */,
				0C50301C27DF9A2400AD0811 /* UserDefaults.swift in Sources */,
				0CF792DA27E37DFB00D8D6F3 /* ListRowViews.swift in Sources */,
			);
			runOnlyForDeploymentPostprocessing = 0;
		};
		0C6DC86927DDAB5300850C13 /* Sources */ = {
			isa = PBXSourcesBuildPhase;
			buildActionMask = 2147483647;
			files = (
				0CDB216827E0E9CC003EF122 /* SearchEngines.swift in Sources */,
				0C50301D27DF9A2600AD0811 /* UserDefaults.swift in Sources */,
				0C6DC87027DDAB5300850C13 /* SafariWebExtensionHandler.swift in Sources */,
			);
			runOnlyForDeploymentPostprocessing = 0;
		};
/* End PBXSourcesBuildPhase section */

/* Begin PBXTargetDependency section */
		0C6DC88427DDAB5300850C13 /* PBXTargetDependency */ = {
			isa = PBXTargetDependency;
			target = 0C6DC86C27DDAB5300850C13 /* WebExtension */;
			targetProxy = 0C6DC88327DDAB5300850C13 /* PBXContainerItemProxy */;
		};
/* End PBXTargetDependency section */

/* Begin XCBuildConfiguration section */
		0C6DC86427DDAB2B00850C13 /* Debug */ = {
			isa = XCBuildConfiguration;
			buildSettings = {
				ALWAYS_SEARCH_USER_PATHS = NO;
				CLANG_ANALYZER_NONNULL = YES;
				CLANG_ANALYZER_NUMBER_OBJECT_CONVERSION = YES_AGGRESSIVE;
				CLANG_CXX_LANGUAGE_STANDARD = "gnu++17";
				CLANG_CXX_LIBRARY = "libc++";
				CLANG_ENABLE_MODULES = YES;
				CLANG_ENABLE_OBJC_ARC = YES;
				CLANG_ENABLE_OBJC_WEAK = YES;
				CLANG_WARN_BLOCK_CAPTURE_AUTORELEASING = YES;
				CLANG_WARN_BOOL_CONVERSION = YES;
				CLANG_WARN_COMMA = YES;
				CLANG_WARN_CONSTANT_CONVERSION = YES;
				CLANG_WARN_DEPRECATED_OBJC_IMPLEMENTATIONS = YES;
				CLANG_WARN_DIRECT_OBJC_ISA_USAGE = YES_ERROR;
				CLANG_WARN_DOCUMENTATION_COMMENTS = YES;
				CLANG_WARN_EMPTY_BODY = YES;
				CLANG_WARN_ENUM_CONVERSION = YES;
				CLANG_WARN_INFINITE_RECURSION = YES;
				CLANG_WARN_INT_CONVERSION = YES;
				CLANG_WARN_NON_LITERAL_NULL_CONVERSION = YES;
				CLANG_WARN_OBJC_IMPLICIT_RETAIN_SELF = YES;
				CLANG_WARN_OBJC_LITERAL_CONVERSION = YES;
				CLANG_WARN_OBJC_ROOT_CLASS = YES_ERROR;
				CLANG_WARN_QUOTED_INCLUDE_IN_FRAMEWORK_HEADER = YES;
				CLANG_WARN_RANGE_LOOP_ANALYSIS = YES;
				CLANG_WARN_STRICT_PROTOTYPES = YES;
				CLANG_WARN_SUSPICIOUS_MOVE = YES;
				CLANG_WARN_UNGUARDED_AVAILABILITY = YES_AGGRESSIVE;
				CLANG_WARN_UNREACHABLE_CODE = YES;
				CLANG_WARN__DUPLICATE_METHOD_MATCH = YES;
				COPY_PHASE_STRIP = NO;
				DEBUG_INFORMATION_FORMAT = dwarf;
				ENABLE_STRICT_OBJC_MSGSEND = YES;
				ENABLE_TESTABILITY = YES;
				GCC_C_LANGUAGE_STANDARD = gnu11;
				GCC_DYNAMIC_NO_PIC = NO;
				GCC_NO_COMMON_BLOCKS = YES;
				GCC_OPTIMIZATION_LEVEL = 0;
				GCC_PREPROCESSOR_DEFINITIONS = (
					"DEBUG=1",
					"$(inherited)",
				);
				GCC_WARN_64_TO_32_BIT_CONVERSION = YES;
				GCC_WARN_ABOUT_RETURN_TYPE = YES_ERROR;
				GCC_WARN_UNDECLARED_SELECTOR = YES;
				GCC_WARN_UNINITIALIZED_AUTOS = YES_AGGRESSIVE;
				GCC_WARN_UNUSED_FUNCTION = YES;
				GCC_WARN_UNUSED_VARIABLE = YES;
				IPHONEOS_DEPLOYMENT_TARGET = 15.0;
				MTL_ENABLE_DEBUG_INFO = INCLUDE_SOURCE;
				MTL_FAST_MATH = YES;
				ONLY_ACTIVE_ARCH = YES;
				SDKROOT = iphoneos;
				SWIFT_ACTIVE_COMPILATION_CONDITIONS = DEBUG;
				SWIFT_OPTIMIZATION_LEVEL = "-Onone";
			};
			name = Debug;
		};
		0C6DC86527DDAB2B00850C13 /* Release */ = {
			isa = XCBuildConfiguration;
			buildSettings = {
				ALWAYS_SEARCH_USER_PATHS = NO;
				CLANG_ANALYZER_NONNULL = YES;
				CLANG_ANALYZER_NUMBER_OBJECT_CONVERSION = YES_AGGRESSIVE;
				CLANG_CXX_LANGUAGE_STANDARD = "gnu++17";
				CLANG_CXX_LIBRARY = "libc++";
				CLANG_ENABLE_MODULES = YES;
				CLANG_ENABLE_OBJC_ARC = YES;
				CLANG_ENABLE_OBJC_WEAK = YES;
				CLANG_WARN_BLOCK_CAPTURE_AUTORELEASING = YES;
				CLANG_WARN_BOOL_CONVERSION = YES;
				CLANG_WARN_COMMA = YES;
				CLANG_WARN_CONSTANT_CONVERSION = YES;
				CLANG_WARN_DEPRECATED_OBJC_IMPLEMENTATIONS = YES;
				CLANG_WARN_DIRECT_OBJC_ISA_USAGE = YES_ERROR;
				CLANG_WARN_DOCUMENTATION_COMMENTS = YES;
				CLANG_WARN_EMPTY_BODY = YES;
				CLANG_WARN_ENUM_CONVERSION = YES;
				CLANG_WARN_INFINITE_RECURSION = YES;
				CLANG_WARN_INT_CONVERSION = YES;
				CLANG_WARN_NON_LITERAL_NULL_CONVERSION = YES;
				CLANG_WARN_OBJC_IMPLICIT_RETAIN_SELF = YES;
				CLANG_WARN_OBJC_LITERAL_CONVERSION = YES;
				CLANG_WARN_OBJC_ROOT_CLASS = YES_ERROR;
				CLANG_WARN_QUOTED_INCLUDE_IN_FRAMEWORK_HEADER = YES;
				CLANG_WARN_RANGE_LOOP_ANALYSIS = YES;
				CLANG_WARN_STRICT_PROTOTYPES = YES;
				CLANG_WARN_SUSPICIOUS_MOVE = YES;
				CLANG_WARN_UNGUARDED_AVAILABILITY = YES_AGGRESSIVE;
				CLANG_WARN_UNREACHABLE_CODE = YES;
				CLANG_WARN__DUPLICATE_METHOD_MATCH = YES;
				COPY_PHASE_STRIP = NO;
				DEBUG_INFORMATION_FORMAT = "dwarf-with-dsym";
				ENABLE_NS_ASSERTIONS = NO;
				ENABLE_STRICT_OBJC_MSGSEND = YES;
				GCC_C_LANGUAGE_STANDARD = gnu11;
				GCC_NO_COMMON_BLOCKS = YES;
				GCC_WARN_64_TO_32_BIT_CONVERSION = YES;
				GCC_WARN_ABOUT_RETURN_TYPE = YES_ERROR;
				GCC_WARN_UNDECLARED_SELECTOR = YES;
				GCC_WARN_UNINITIALIZED_AUTOS = YES_AGGRESSIVE;
				GCC_WARN_UNUSED_FUNCTION = YES;
				GCC_WARN_UNUSED_VARIABLE = YES;
				IPHONEOS_DEPLOYMENT_TARGET = 15.0;
				MTL_ENABLE_DEBUG_INFO = NO;
				MTL_FAST_MATH = YES;
				SDKROOT = iphoneos;
				SWIFT_COMPILATION_MODE = wholemodule;
				SWIFT_OPTIMIZATION_LEVEL = "-O";
				VALIDATE_PRODUCT = YES;
			};
			name = Release;
		};
		0C6DC86727DDAB2B00850C13 /* Debug */ = {
			isa = XCBuildConfiguration;
			buildSettings = {
				ALWAYS_EMBED_SWIFT_STANDARD_LIBRARIES = YES;
				ASSETCATALOG_COMPILER_APPICON_NAME = AppIcon;
				ASSETCATALOG_COMPILER_GLOBAL_ACCENT_COLOR_NAME = AccentColor;
				CODE_SIGN_ENTITLEMENTS = SearchPlus/SearchPlus.entitlements;
				CODE_SIGN_STYLE = Automatic;
				CURRENT_PROJECT_VERSION = 2;
				DEVELOPMENT_ASSET_PATHS = "\"SearchPlus/Preview Content\"";
				DEVELOPMENT_TEAM = 8A74DBQ6S3;
				ENABLE_PREVIEWS = YES;
				GENERATE_INFOPLIST_FILE = YES;
				INFOPLIST_KEY_UIApplicationSceneManifest_Generation = YES;
				INFOPLIST_KEY_UIApplicationSupportsIndirectInputEvents = YES;
				INFOPLIST_KEY_UILaunchScreen_Generation = YES;
				INFOPLIST_KEY_UISupportedInterfaceOrientations_iPad = "UIInterfaceOrientationPortrait UIInterfaceOrientationPortraitUpsideDown UIInterfaceOrientationLandscapeLeft UIInterfaceOrientationLandscapeRight";
				INFOPLIST_KEY_UISupportedInterfaceOrientations_iPhone = "UIInterfaceOrientationPortrait UIInterfaceOrientationLandscapeLeft UIInterfaceOrientationLandscapeRight";
				IPHONEOS_DEPLOYMENT_TARGET = 15.0;
				LD_RUNPATH_SEARCH_PATHS = (
					"$(inherited)",
					"@executable_path/Frameworks",
				);
				MARKETING_VERSION = 0.1.0;
				PRODUCT_BUNDLE_IDENTIFIER = me.kingbri.SearchPlus;
				PRODUCT_NAME = "$(TARGET_NAME)";
				SWIFT_EMIT_LOC_STRINGS = YES;
				SWIFT_VERSION = 5.0;
				TARGETED_DEVICE_FAMILY = "1,2";
			};
			name = Debug;
		};
		0C6DC86827DDAB2B00850C13 /* Release */ = {
			isa = XCBuildConfiguration;
			buildSettings = {
				ALWAYS_EMBED_SWIFT_STANDARD_LIBRARIES = YES;
				ASSETCATALOG_COMPILER_APPICON_NAME = AppIcon;
				ASSETCATALOG_COMPILER_GLOBAL_ACCENT_COLOR_NAME = AccentColor;
				CODE_SIGN_ENTITLEMENTS = SearchPlus/SearchPlus.entitlements;
				CODE_SIGN_STYLE = Automatic;
				CURRENT_PROJECT_VERSION = 2;
				DEVELOPMENT_ASSET_PATHS = "\"SearchPlus/Preview Content\"";
				DEVELOPMENT_TEAM = 8A74DBQ6S3;
				ENABLE_PREVIEWS = YES;
				GENERATE_INFOPLIST_FILE = YES;
				INFOPLIST_KEY_UIApplicationSceneManifest_Generation = YES;
				INFOPLIST_KEY_UIApplicationSupportsIndirectInputEvents = YES;
				INFOPLIST_KEY_UILaunchScreen_Generation = YES;
				INFOPLIST_KEY_UISupportedInterfaceOrientations_iPad = "UIInterfaceOrientationPortrait UIInterfaceOrientationPortraitUpsideDown UIInterfaceOrientationLandscapeLeft UIInterfaceOrientationLandscapeRight";
				INFOPLIST_KEY_UISupportedInterfaceOrientations_iPhone = "UIInterfaceOrientationPortrait UIInterfaceOrientationLandscapeLeft UIInterfaceOrientationLandscapeRight";
				IPHONEOS_DEPLOYMENT_TARGET = 15.0;
				LD_RUNPATH_SEARCH_PATHS = (
					"$(inherited)",
					"@executable_path/Frameworks",
				);
				MARKETING_VERSION = 0.1.0;
				PRODUCT_BUNDLE_IDENTIFIER = me.kingbri.SearchPlus;
				PRODUCT_NAME = "$(TARGET_NAME)";
				SWIFT_EMIT_LOC_STRINGS = YES;
				SWIFT_VERSION = 5.0;
				TARGETED_DEVICE_FAMILY = "1,2";
			};
			name = Release;
		};
		0C6DC88727DDAB5300850C13 /* Debug */ = {
			isa = XCBuildConfiguration;
			buildSettings = {
				CODE_SIGN_ENTITLEMENTS = WebExtension/WebExtension.entitlements;
				CODE_SIGN_STYLE = Automatic;
				CURRENT_PROJECT_VERSION = 1;
				DEVELOPMENT_TEAM = 8A74DBQ6S3;
				GENERATE_INFOPLIST_FILE = YES;
				INFOPLIST_FILE = WebExtension/Info.plist;
				INFOPLIST_KEY_CFBundleDisplayName = WebExtension;
				INFOPLIST_KEY_NSHumanReadableCopyright = "";
				IPHONEOS_DEPLOYMENT_TARGET = 15.0;
				LD_RUNPATH_SEARCH_PATHS = (
					"$(inherited)",
					"@executable_path/Frameworks",
					"@executable_path/../../Frameworks",
				);
				MARKETING_VERSION = 0.1.0;
				OTHER_LDFLAGS = (
					"-framework",
					SafariServices,
				);
				PRODUCT_BUNDLE_IDENTIFIER = me.kingbri.SearchPlus.WebExtension;
				PRODUCT_NAME = "$(TARGET_NAME)";
				SKIP_INSTALL = YES;
				SWIFT_EMIT_LOC_STRINGS = YES;
				SWIFT_VERSION = 5.0;
				TARGETED_DEVICE_FAMILY = "1,2";
			};
			name = Debug;
		};
		0C6DC88827DDAB5300850C13 /* Release */ = {
			isa = XCBuildConfiguration;
			buildSettings = {
				CODE_SIGN_ENTITLEMENTS = WebExtension/WebExtension.entitlements;
				CODE_SIGN_STYLE = Automatic;
				CURRENT_PROJECT_VERSION = 1;
				DEVELOPMENT_TEAM = 8A74DBQ6S3;
				GENERATE_INFOPLIST_FILE = YES;
				INFOPLIST_FILE = WebExtension/Info.plist;
				INFOPLIST_KEY_CFBundleDisplayName = WebExtension;
				INFOPLIST_KEY_NSHumanReadableCopyright = "";
				IPHONEOS_DEPLOYMENT_TARGET = 15.0;
				LD_RUNPATH_SEARCH_PATHS = (
					"$(inherited)",
					"@executable_path/Frameworks",
					"@executable_path/../../Frameworks",
				);
				MARKETING_VERSION = 0.1.0;
				OTHER_LDFLAGS = (
					"-framework",
					SafariServices,
				);
				PRODUCT_BUNDLE_IDENTIFIER = me.kingbri.SearchPlus.WebExtension;
				PRODUCT_NAME = "$(TARGET_NAME)";
				SKIP_INSTALL = YES;
				SWIFT_EMIT_LOC_STRINGS = YES;
				SWIFT_VERSION = 5.0;
				TARGETED_DEVICE_FAMILY = "1,2";
			};
			name = Release;
		};
/* End XCBuildConfiguration section */

/* Begin XCConfigurationList section */
		0C6DC85327DDAB2B00850C13 /* Build configuration list for PBXProject "SearchPlus" */ = {
			isa = XCConfigurationList;
			buildConfigurations = (
				0C6DC86427DDAB2B00850C13 /* Debug */,
				0C6DC86527DDAB2B00850C13 /* Release */,
			);
			defaultConfigurationIsVisible = 0;
			defaultConfigurationName = Release;
		};
		0C6DC86627DDAB2B00850C13 /* Build configuration list for PBXNativeTarget "SearchPlus" */ = {
			isa = XCConfigurationList;
			buildConfigurations = (
				0C6DC86727DDAB2B00850C13 /* Debug */,
				0C6DC86827DDAB2B00850C13 /* Release */,
			);
			defaultConfigurationIsVisible = 0;
			defaultConfigurationName = Release;
		};
		0C6DC88627DDAB5300850C13 /* Build configuration list for PBXNativeTarget "WebExtension" */ = {
			isa = XCConfigurationList;
			buildConfigurations = (
				0C6DC88727DDAB5300850C13 /* Debug */,
				0C6DC88827DDAB5300850C13 /* Release */,
			);
			defaultConfigurationIsVisible = 0;
			defaultConfigurationName = Release;
		};
/* End XCConfigurationList section */
	};
	rootObject = 0C6DC85027DDAB2B00850C13 /* Project object */;
}
